
Microsoft Visual Studio Solution File, Format Version 12.00
# Visual Studio 2017
Project("{FAE04EC0-301F-11D3-BF4B-00C04F79EFBC}") = "Aug_Flappy_Bird", "Aug_Flappy_Bird.csproj", "{50F02BC3-7C27-23E4-88DA-A4177E8E60D2}"
EndProject
Project("{FAE04EC0-301F-11D3-BF4B-00C04F79EFBC}") = "Aug_Flappy_Bird.Editor", "Aug_Flappy_Bird.Editor.csproj", "{65E36C00-8774-0490-7E64-74ABF7DEF964}"
EndProject
Global
	GlobalSection(SolutionConfigurationPlatforms) = preSolution
		Debug|Any CPU = Debug|Any CPU
		Release|Any CPU = Release|Any CPU
	EndGlobalSection
	GlobalSection(ProjectConfigurationPlatforms) = postSolution
		{50F02BC3-7C27-23E4-88DA-A4177E8E60D2}.Debug|Any CPU.ActiveCfg = Debug|Any CPU
		{50F02BC3-7C27-23E4-88DA-A4177E8E60D2}.Debug|Any CPU.Build.0 = Debug|Any CPU
		{50F02BC3-7C27-23E4-88DA-A4177E8E60D2}.Release|Any CPU.ActiveCfg = Release|Any CPU
		{50F02BC3-7C27-23E4-88DA-A4177E8E60D2}.Release|Any CPU.Build.0 = Release|Any CPU
		{65E36C00-8774-0490-7E64-74ABF7DEF964}.Debug|Any CPU.ActiveCfg = Debug|Any CPU
		{65E36C00-8774-0490-7E64-74ABF7DEF964}.Debug|Any CPU.Build.0 = Debug|Any CPU
		{65E36C00-8774-0490-7E64-74ABF7DEF964}.Release|Any CPU.ActiveCfg = Release|Any CPU
		{65E36C00-8774-0490-7E64-74ABF7DEF964}.Release|Any CPU.Build.0 = Release|Any CPU
	EndGlobalSection
	GlobalSection(SolutionProperties) = preSolution
		HideSolutionNode = FALSE
	EndGlobalSection
EndGlobal
